Microsoft Visual Studio Solution File, Format Version 12.00
# Visual Studio Version 18
VisualStudioVersion = 18.8.12023.21 stable
MinimumVisualStudioVersion = 10.0.40219.1
Project("{FAE04EC0-301F-11D3-BF4B-00C04F79EFBC}") = "Lumui.Client", "..\Shared\Lumui.Client\Lumui.Client.csproj", "{2B9DD558-E5C9-4752-A64E-7D64DC537844}"
EndProject
Project("{FAE04EC0-301F-11D3-BF4B-00C04F79EFBC}") = "Lumui.Cli", "Lumui.Cli\Lumui.Cli.csproj", "{A40E2E61-2C24-48F6-B926-B76E1549C0ED}"
EndProject
Global
	GlobalSection(SolutionConfigurationPlatforms) = preSolution
		Debug|Any CPU = Debug|Any CPU
		Debug|x64 = Debug|x64
		Release|Any CPU = Release|Any CPU
		Release|x64 = Release|x64
	EndGlobalSection
	GlobalSection(ProjectConfigurationPlatforms) = postSolution
		{2B9DD558-E5C9-4752-A64E-7D64DC537844}.Debug|Any CPU.ActiveCfg = Debug|Any CPU
		{2B9DD558-E5C9-4752-A64E-7D64DC537844}.Debug|Any CPU.Build.0 = Debug|Any CPU
		{2B9DD558-E5C9-4752-A64E-7D64DC537844}.Debug|x64.ActiveCfg = Debug|x64
		{2B9DD558-E5C9-4752-A64E-7D64DC537844}.Debug|x64.Build.0 = Debug|x64
		{2B9DD558-E5C9-4752-A64E-7D64DC537844}.Release|Any CPU.ActiveCfg = Release|Any CPU
		{2B9DD558-E5C9-4752-A64E-7D64DC537844}.Release|Any CPU.Build.0 = Release|Any CPU
		{2B9DD558-E5C9-4752-A64E-7D64DC537844}.Release|x64.ActiveCfg = Release|x64
		{2B9DD558-E5C9-4752-A64E-7D64DC537844}.Release|x64.Build.0 = Release|x64
		{A40E2E61-2C24-48F6-B926-B76E1549C0ED}.Debug|Any CPU.ActiveCfg = Debug|Any CPU
		{A40E2E61-2C24-48F6-B926-B76E1549C0ED}.Debug|Any CPU.Build.0 = Debug|Any CPU
		{A40E2E61-2C24-48F6-B926-B76E1549C0ED}.Debug|x64.ActiveCfg = Debug|x64
		{A40E2E61-2C24-48F6-B926-B76E1549C0ED}.Debug|x64.Build.0 = Debug|x64
		{A40E2E61-2C24-48F6-B926-B76E1549C0ED}.Release|Any CPU.ActiveCfg = Release|Any CPU
		{A40E2E61-2C24-48F6-B926-B76E1549C0ED}.Release|Any CPU.Build.0 = Release|Any CPU
		{A40E2E61-2C24-48F6-B926-B76E1549C0ED}.Release|x64.ActiveCfg = Release|x64
		{A40E2E61-2C24-48F6-B926-B76E1549C0ED}.Release|x64.Build.0 = Release|x64
	EndGlobalSection
	GlobalSection(SolutionProperties) = preSolution
		HideSolutionNode = FALSE
	EndGlobalSection
EndGlobal
